
Microsoft Visual Studio Solution File, Format Version 12.00
# Visual Studio Version 17
VisualStudioVersion = 17.11.35222.181
MinimumVisualStudioVersion = 10.0.40219.1
Project("{8BC9CEB8-8B4A-11D0-8D11-00A0C91BC942}") = "ooop", "ooop\ooop.vcxproj", "{19A5AC95-8ADE-459B-A7FB-AA8F2728932C}"
EndProject
Global
	GlobalSection(SolutionConfigurationPlatforms) = preSolution
		Debug|x64 = Debug|x64
		Debug|x86 = Debug|x86
		Release|x64 = Release|x64
		Release|x86 = Release|x86
	EndGlobalSection
	GlobalSection(ProjectConfigurationPlatforms) = postSolution
		{19A5AC95-8ADE-459B-A7FB-AA8F2728932C}.Debug|x64.ActiveCfg = Debug|x64
		{19A5AC95-8ADE-459B-A7FB-AA8F2728932C}.Debug|x64.Build.0 = Debug|x64
		{19A5AC95-8ADE-459B-A7FB-AA8F2728932C}.Debug|x86.ActiveCfg = Debug|Win32
		{19A5AC95-8ADE-459B-A7FB-AA8F2728932C}.Debug|x86.Build.0 = Debug|Win32
		{19A5AC95-8ADE-459B-A7FB-AA8F2728932C}.Release|x64.ActiveCfg = Release|x64
		{19A5AC95-8ADE-459B-A7FB-AA8F2728932C}.Release|x64.Build.0 = Release|x64
		{19A5AC95-8ADE-459B-A7FB-AA8F2728932C}.Release|x86.ActiveCfg = Release|Win32
		{19A5AC95-8ADE-459B-A7FB-AA8F2728932C}.Release|x86.Build.0 = Release|Win32
	EndGlobalSection
	GlobalSection(SolutionProperties) = preSolution
		HideSolutionNode = FALSE
	EndGlobalSection
	GlobalSection(ExtensibilityGlobals) = postSolution
		SolutionGuid = {94BA25DC-39F6-43BE-90F1-18AF5FF12B7D}
	EndGlobalSection
EndGlobal
